<?xml version="1.0" encoding="utf-8"?>
<Project ToolsVersion="4.0" xmlns="http://schemas.microsoft.com/developer/msbuild/2003">
  <ItemGroup>
    <Filter Include="Source Files">
      <UniqueIdentifier>{4FC737F1-C7A5-4376-A066-2A32D752A2FF}</UniqueIdentifier>
      <Extensions>cpp;c;cc;cxx;def;odl;idl;hpj;bat;asm;asmx</Extensions>
    </Filter>
    <Filter Include="Header Files">
      <UniqueIdentifier>{93995380-89BD-4b04-88EB-625FBE52EBFB}</UniqueIdentifier>
      <Extensions>h;hh;hpp;hxx;hm;inl;inc;xsd</Extensions>
    </Filter>
    <Filter Include="Module Files">
      <UniqueIdentifier>{8b70eaf3-d9fa-40df-8063-cd2fc5d2dd01}</UniqueIdentifier>
    </Filter>
  </ItemGroup>
  <ItemGroup>
    <ClCompile Include="casestudies\coroutineGetElements.cpp">
      <Filter>Source Files</Filter>
    </ClCompile>
    <ClCompile Include="casestudies\eagerFutureWithComments.cpp">
      <Filter>Source Files</Filter>
    </ClCompile>
    <ClCompile Include="casestudies\infiniteDataStreamComments.cpp">
      <Filter>Source Files</Filter>
    </ClCompile>
    <ClCompile Include="casestudies\lazyFuture.cpp">
      <Filter>Source Files</Filter>
    </ClCompile>
    <ClCompile Include="casestudies\lazyFutureOnOtherThread.cpp">
      <Filter>Source Files</Filter>
    </ClCompile>
    <ClCompile Include="casestudies\pingPongAtomicBool.cpp">
      <Filter>Source Files</Filter>
    </ClCompile>
    <ClCompile Include="casestudies\pingPongAtomicFlag.cpp">
      <Filter>Source Files</Filter>
    </ClCompile>
    <ClCompile Include="casestudies\pingPongAtomicFlags.cpp">
      <Filter>Source Files</Filter>
    </ClCompile>
    <ClCompile Include="casestudies\pingPongConditionVariable.cpp">
      <Filter>Source Files</Filter>
    </ClCompile>
    <ClCompile Include="casestudies\pingPongSemaphore.cpp">
      <Filter>Source Files</Filter>
    </ClCompile>
    <ClCompile Include="casestudies\startJobWithAutomaticResumption.cpp">
      <Filter>Source Files</Filter>
    </ClCompile>
    <ClCompile Include="casestudies\startJobWithAutomaticResumptionOnThread.cpp">
      <Filter>Source Files</Filter>
    </ClCompile>
    <ClCompile Include="casestudies\startJobWithComments.cpp">
      <Filter>Source Files</Filter>
    </ClCompile>
    <ClCompile Include="concurrency\atomicRef.cpp">
      <Filter>Source Files</Filter>
    </ClCompile>
    <ClCompile Include="concurrency\atomicRefCopy.cpp">
      <Filter>Source Files</Filter>
    </ClCompile>
    <ClCompile Include="concurrency\atomicReference.cpp">
      <Filter>Source Files</Filter>
    </ClCompile>
    <ClCompile Include="concurrency\bossWorkers.cpp">
      <Filter>Source Files</Filter>
    </ClCompile>
    <ClCompile Include="concurrency\conditionVariableAny.cpp">
      <Filter>Source Files</Filter>
    </ClCompile>
    <ClCompile Include="concurrency\coutSynchronized.cpp">
      <Filter>Source Files</Filter>
    </ClCompile>
    <ClCompile Include="concurrency\coutUnsynchronized.cpp">
      <Filter>Source Files</Filter>
    </ClCompile>
    <ClCompile Include="concurrency\eagerFuture.cpp">
      <Filter>Source Files</Filter>
    </ClCompile>
    <ClCompile Include="concurrency\fullTimePartTimeWorkers.cpp">
      <Filter>Source Files</Filter>
    </ClCompile>
    <ClCompile Include="concurrency\greedyGenerator.cpp">
      <Filter>Source Files</Filter>
    </ClCompile>
    <ClCompile Include="concurrency\infiniteDataStream.cpp">
      <Filter>Source Files</Filter>
    </ClCompile>
    <ClCompile Include="concurrency\interruptJthread.cpp">
      <Filter>Source Files</Filter>
    </ClCompile>
    <ClCompile Include="concurrency\invokeCallback.cpp">
      <Filter>Source Files</Filter>
    </ClCompile>
    <ClCompile Include="concurrency\jthreadJoinable.cpp">
      <Filter>Source Files</Filter>
    </ClCompile>
    <ClCompile Include="concurrency\lazyGenerator.cpp">
      <Filter>Source Files</Filter>
    </ClCompile>
    <ClCompile Include="concurrency\senderReceiver.cpp">
      <Filter>Source Files</Filter>
    </ClCompile>
    <ClCompile Include="concurrency\sequenceOutput.cpp">
      <Filter>Source Files</Filter>
    </ClCompile>
    <ClCompile Include="concurrency\startJob.cpp">
      <Filter>Source Files</Filter>
    </ClCompile>
    <ClCompile Include="concurrency\synchronizedOutput.cpp">
      <Filter>Source Files</Filter>
    </ClCompile>
    <ClCompile Include="concurrency\threadJoinable.cpp">
      <Filter>Source Files</Filter>
    </ClCompile>
    <ClCompile Include="concurrency\threadSynchronizationAtomicBool.cpp">
      <Filter>Source Files</Filter>
    </ClCompile>
    <ClCompile Include="concurrency\threadSynchronizationAtomicFlag.cpp">
      <Filter>Source Files</Filter>
    </ClCompile>
    <ClCompile Include="concurrency\threadSynchronizationConditionVariables.cpp">
      <Filter>Source Files</Filter>
    </ClCompile>
    <ClCompile Include="concurrency\threadSynchronizationPromiseFuture.cpp">
      <Filter>Source Files</Filter>
    </ClCompile>
    <ClCompile Include="concurrency\threadSynchronizationSemaphore.cpp">
      <Filter>Source Files</Filter>
    </ClCompile>
    <ClCompile Include="concurrency\workers.cpp">
      <Filter>Source Files</Filter>
    </ClCompile>
    <ClCompile Include="corelanguage\abbreviatedFunctionTemplates.cpp">
      <Filter>Source Files</Filter>
    </ClCompile>
    <ClCompile Include="corelanguage\aggregateInitialization.cpp">
      <Filter>Source Files</Filter>
    </ClCompile>
    <ClCompile Include="corelanguage\allAnyNone.cpp">
      <Filter>Source Files</Filter>
    </ClCompile>
    <ClCompile Include="corelanguage\bitField.cpp">
      <Filter>Source Files</Filter>
    </ClCompile>
    <ClCompile Include="corelanguage\char8Str.cpp">
      <Filter>Source Files</Filter>
    </ClCompile>
    <ClCompile Include="corelanguage\client.cpp">
      <Filter>Source Files</Filter>
    </ClCompile>
    <ClCompile Include="corelanguage\client1.cpp">
      <Filter>Source Files</Filter>
    </ClCompile>
    <ClCompile Include="corelanguage\client2.cpp">
      <Filter>Source Files</Filter>
    </ClCompile>
    <ClCompile Include="corelanguage\client3.cpp">
      <Filter>Source Files</Filter>
    </ClCompile>
    <ClCompile Include="corelanguage\clientTemplate.cpp">
      <Filter>Source Files</Filter>
    </ClCompile>
    <ClCompile Include="corelanguage\comparisonOperator.cpp">
      <Filter>Source Files</Filter>
    </ClCompile>
    <ClCompile Include="corelanguage\compileTimePredicate.cpp">
      <Filter>Source Files</Filter>
    </ClCompile>
    <ClCompile Include="corelanguage\conceptClassTemplate.cpp">
      <Filter>Source Files</Filter>
    </ClCompile>
    <ClCompile Include="corelanguage\conceptMemberFunction.cpp">
      <Filter>Source Files</Filter>
    </ClCompile>
    <ClCompile Include="corelanguage\conceptsDefinitionEqual.cpp">
      <Filter>Source Files</Filter>
    </ClCompile>
    <ClCompile Include="corelanguage\conceptsDefinitionOrdering.cpp">
      <Filter>Source Files</Filter>
    </ClCompile>
    <ClCompile Include="corelanguage\conceptsIntegralVariations.cpp">
      <Filter>Source Files</Filter>
    </ClCompile>
    <ClCompile Include="corelanguage\conceptsOverloading.cpp">
      <Filter>Source Files</Filter>
    </ClCompile>
    <ClCompile Include="corelanguage\conceptsOverloadingFunctionTemplates.cpp">
      <Filter>Source Files</Filter>
    </ClCompile>
    <ClCompile Include="corelanguage\conceptsSpecialization.cpp">
      <Filter>Source Files</Filter>
    </ClCompile>
    <ClCompile Include="corelanguage\conditionallyConstructor.cpp">
      <Filter>Source Files</Filter>
    </ClCompile>
    <ClCompile Include="corelanguage\consteval.cpp">
      <Filter>Source Files</Filter>
    </ClCompile>
    <ClCompile Include="corelanguage\constevalSqr.cpp">
      <Filter>Source Files</Filter>
    </ClCompile>
    <ClCompile Include="corelanguage\constexprConstinit.cpp">
      <Filter>Source Files</Filter>
    </ClCompile>
    <ClCompile Include="corelanguage\constinitSqr.cpp">
      <Filter>Source Files</Filter>
    </ClCompile>
    <ClCompile Include="corelanguage\designatedInitializer.cpp">
      <Filter>Source Files</Filter>
    </ClCompile>
    <ClCompile Include="corelanguage\designatedInitializerNarrowingConversion.cpp">
      <Filter>Source Files</Filter>
    </ClCompile>
    <ClCompile Include="corelanguage\designatedInitializersDefault.cpp">
      <Filter>Source Files</Filter>
    </ClCompile>
    <ClCompile Include="corelanguage\enumUsing.cpp">
      <Filter>Source Files</Filter>
    </ClCompile>
    <ClCompile Include="corelanguage\genericLambdaTemplate.cpp">
      <Filter>Source Files</Filter>
    </ClCompile>
    <ClCompile Include="corelanguage\hello.cpp">
      <Filter>Source Files</Filter>
    </ClCompile>
    <ClCompile Include="corelanguage\helloWorld.cpp">
      <Filter>Source Files</Filter>
    </ClCompile>
    <ClCompile Include="corelanguage\helloWorld2.cpp">
      <Filter>Source Files</Filter>
    </ClCompile>
    <ClCompile Include="corelanguage\implicitExplicitGenericConstructor.cpp">
      <Filter>Source Files</Filter>
    </ClCompile>
    <ClCompile Include="corelanguage\lambdaCaptureThis.cpp">
      <Filter>Source Files</Filter>
    </ClCompile>
    <ClCompile Include="corelanguage\lambdaUnevaluatedContext.cpp">
      <Filter>Source Files</Filter>
    </ClCompile>
    <ClCompile Include="corelanguage\main.cpp">
      <Filter>Source Files</Filter>
    </ClCompile>
    <ClCompile Include="corelanguage\mainSIOF1.cpp">
      <Filter>Source Files</Filter>
    </ClCompile>
    <ClCompile Include="corelanguage\mainSIOF2.cpp">
      <Filter>Source Files</Filter>
    </ClCompile>
    <ClCompile Include="corelanguage\mainSIOF3.cpp">
      <Filter>Source Files</Filter>
    </ClCompile>
    <ClCompile Include="corelanguage\math.cpp">
      <Filter>Source Files</Filter>
    </ClCompile>
    <ClCompile Include="corelanguage\mathImplementationUnit.cpp">
      <Filter>Source Files</Filter>
    </ClCompile>
    <ClCompile Include="corelanguage\mathModuleClient.cpp">
      <Filter>Source Files</Filter>
    </ClCompile>
    <ClCompile Include="corelanguage\mathModuleClient1.cpp">
      <Filter>Source Files</Filter>
    </ClCompile>
    <ClCompile Include="corelanguage\nestedRequirements.cpp">
      <Filter>Source Files</Filter>
    </ClCompile>
    <ClCompile Include="corelanguage\nodiscard.cpp">
      <Filter>Source Files</Filter>
    </ClCompile>
    <ClCompile Include="corelanguage\nodiscardString.cpp">
      <Filter>Source Files</Filter>
    </ClCompile>
    <ClCompile Include="corelanguage\nonTypeTemplateParameter.cpp">
      <Filter>Source Files</Filter>
    </ClCompile>
    <ClCompile Include="corelanguage\nonTypeTemplateParameterString.cpp">
      <Filter>Source Files</Filter>
    </ClCompile>
    <ClCompile Include="corelanguage\placeholders.cpp">
      <Filter>Source Files</Filter>
    </ClCompile>
    <ClCompile Include="corelanguage\rangeBasedForLoopInitializer.cpp">
      <Filter>Source Files</Filter>
    </ClCompile>
    <ClCompile Include="corelanguage\regularSemiRegular.cpp">
      <Filter>Source Files</Filter>
    </ClCompile>
    <ClCompile Include="corelanguage\requiresClause.cpp">
      <Filter>Source Files</Filter>
    </ClCompile>
    <ClCompile Include="corelanguage\rewritingExpressions.cpp">
      <Filter>Source Files</Filter>
    </ClCompile>
    <ClCompile Include="corelanguage\signedUnsignedIntegrals.cpp">
      <Filter>Source Files</Filter>
    </ClCompile>
    <ClCompile Include="corelanguage\sourceSIOF1.cpp">
      <Filter>Source Files</Filter>
    </ClCompile>
    <ClCompile Include="corelanguage\sourceSIOF2.cpp">
      <Filter>Source Files</Filter>
    </ClCompile>
    <ClCompile Include="corelanguage\sourceSIOF3.cpp">
      <Filter>Source Files</Filter>
    </ClCompile>
    <ClCompile Include="corelanguage\spaceship.cpp">
      <Filter>Source Files</Filter>
    </ClCompile>
    <ClCompile Include="corelanguage\spaceshipPointer.cpp">
      <Filter>Source Files</Filter>
    </ClCompile>
    <ClCompile Include="corelanguage\strongWeakPartial.cpp">
      <Filter>Source Files</Filter>
    </ClCompile>
    <ClCompile Include="corelanguage\sumMain.cpp">
      <Filter>Source Files</Filter>
    </ClCompile>
    <ClCompile Include="corelanguage\templateLambda.cpp">
      <Filter>Source Files</Filter>
    </ClCompile>
    <ClCompile Include="corelanguage\templateLambdaVector.cpp">
      <Filter>Source Files</Filter>
    </ClCompile>
    <ClCompile Include="corelanguage\test.cpp">
      <Filter>Source Files</Filter>
    </ClCompile>
    <ClCompile Include="corelanguage\threeWayComparison.cpp">
      <Filter>Source Files</Filter>
    </ClCompile>
    <ClCompile Include="corelanguage\threeWayComparisonAtCompileTime.cpp">
      <Filter>Source Files</Filter>
    </ClCompile>
    <ClCompile Include="corelanguage\threeWayComparisonForInt.cpp">
      <Filter>Source Files</Filter>
    </ClCompile>
    <ClCompile Include="corelanguage\tooGeneric.cpp">
      <Filter>Source Files</Filter>
    </ClCompile>
    <ClCompile Include="corelanguage\tooSpecific.cpp">
      <Filter>Source Files</Filter>
    </ClCompile>
    <ClCompile Include="corelanguage\typeRequirements.cpp">
      <Filter>Source Files</Filter>
    </ClCompile>
    <ClCompile Include="corelanguage\unevaluatedContext.cpp">
      <Filter>Source Files</Filter>
    </ClCompile>
    <ClCompile Include="corelanguage\uniqueAddress.cpp">
      <Filter>Source Files</Filter>
    </ClCompile>
    <ClCompile Include="corelanguage\userDefinedAutoGeneratedOperators.cpp">
      <Filter>Source Files</Filter>
    </ClCompile>
    <ClCompile Include="corelanguage\virtualConstexpr.cpp">
      <Filter>Source Files</Filter>
    </ClCompile>
    <ClCompile Include="corelanguage\withoutNodiscard.cpp">
      <Filter>Source Files</Filter>
    </ClCompile>
    <ClCompile Include="corelanguage\world.cpp">
      <Filter>Source Files</Filter>
    </ClCompile>
    <ClCompile Include="cpp23\client2.cpp">
      <Filter>Source Files</Filter>
    </ClCompile>
    <ClCompile Include="cpp23\cppcoroGenerator.cpp">
      <Filter>Source Files</Filter>
    </ClCompile>
    <ClCompile Include="cpp23\cppcoroMutex.cpp">
      <Filter>Source Files</Filter>
    </ClCompile>
    <ClCompile Include="cpp23\cppcoroProducerConsumer.cpp">
      <Filter>Source Files</Filter>
    </ClCompile>
    <ClCompile Include="cpp23\cppcoroTask.cpp">
      <Filter>Source Files</Filter>
    </ClCompile>
    <ClCompile Include="cpp23\cppcoroTask2.cpp">
      <Filter>Source Files</Filter>
    </ClCompile>
    <ClCompile Include="cpp23\cppcoroWhenAll.cpp">
      <Filter>Source Files</Filter>
    </ClCompile>
    <ClCompile Include="cpp23\cppcoroWhenAllOnThreadPool.cpp">
      <Filter>Source Files</Filter>
    </ClCompile>
    <ClCompile Include="featuretesting\featureTest.cpp">
      <Filter>Source Files</Filter>
    </ClCompile>
    <ClCompile Include="library\bindFront.cpp">
      <Filter>Source Files</Filter>
    </ClCompile>
    <ClCompile Include="library\bit.cpp">
      <Filter>Source Files</Filter>
    </ClCompile>
    <ClCompile Include="library\bitFloorCeil.cpp">
      <Filter>Source Files</Filter>
    </ClCompile>
    <ClCompile Include="library\checkExistence.cpp">
      <Filter>Source Files</Filter>
    </ClCompile>
    <ClCompile Include="library\classicalComparison.cpp">
      <Filter>Source Files</Filter>
    </ClCompile>
    <ClCompile Include="library\constantEvaluated.cpp">
      <Filter>Source Files</Filter>
    </ClCompile>
    <ClCompile Include="library\constexprVector.cpp">
      <Filter>Source Files</Filter>
    </ClCompile>
    <ClCompile Include="library\constRangeModifiableElements.cpp">
      <Filter>Source Files</Filter>
    </ClCompile>
    <ClCompile Include="library\containerView.cpp">
      <Filter>Source Files</Filter>
    </ClCompile>
    <ClCompile Include="library\containtsElement.cpp">
      <Filter>Source Files</Filter>
    </ClCompile>
    <ClCompile Include="library\createCalendar.cpp">
      <Filter>Source Files</Filter>
    </ClCompile>
    <ClCompile Include="library\createSpan.cpp">
      <Filter>Source Files</Filter>
    </ClCompile>
    <ClCompile Include="library\cuteSyntax.cpp">
      <Filter>Source Files</Filter>
    </ClCompile>
    <ClCompile Include="library\eraseCpp20.cpp">
      <Filter>Source Files</Filter>
    </ClCompile>
    <ClCompile Include="library\eraseRemoveElements.cpp">
      <Filter>Source Files</Filter>
    </ClCompile>
    <ClCompile Include="library\filterRanges.cpp">
      <Filter>Source Files</Filter>
    </ClCompile>
    <ClCompile Include="library\format.cpp">
      <Filter>Source Files</Filter>
    </ClCompile>
    <ClCompile Include="library\formatAlternate.cpp">
      <Filter>Source Files</Filter>
    </ClCompile>
    <ClCompile Include="library\formatArgumentID.cpp">
      <Filter>Source Files</Filter>
    </ClCompile>
    <ClCompile Include="library\formatFillAlign.cpp">
      <Filter>Source Files</Filter>
    </ClCompile>
    <ClCompile Include="library\formatHash.cpp">
      <Filter>Source Files</Filter>
    </ClCompile>
    <ClCompile Include="library\formatSign.cpp">
      <Filter>Source Files</Filter>
    </ClCompile>
    <ClCompile Include="library\formatType.cpp">
      <Filter>Source Files</Filter>
    </ClCompile>
    <ClCompile Include="library\formatVector.cpp">
      <Filter>Source Files</Filter>
    </ClCompile>
    <ClCompile Include="library\formatVectorLinebreak.cpp">
      <Filter>Source Files</Filter>
    </ClCompile>
    <ClCompile Include="library\formatWidthPrecision.cpp">
      <Filter>Source Files</Filter>
    </ClCompile>
    <ClCompile Include="library\getEndianness.cpp">
      <Filter>Source Files</Filter>
    </ClCompile>
    <ClCompile Include="library\leapYear.cpp">
      <Filter>Source Files</Filter>
    </ClCompile>
    <ClCompile Include="library\listComprehensionRanges.cpp">
      <Filter>Source Files</Filter>
    </ClCompile>
    <ClCompile Include="library\localTime.cpp">
      <Filter>Source Files</Filter>
    </ClCompile>
    <ClCompile Include="library\mapRanges.cpp">
      <Filter>Source Files</Filter>
    </ClCompile>
    <ClCompile Include="library\mathematicConstants.cpp">
      <Filter>Source Files</Filter>
    </ClCompile>
    <ClCompile Include="library\midpointLerp.cpp">
      <Filter>Source Files</Filter>
    </ClCompile>
    <ClCompile Include="library\onlineClass.cpp">
      <Filter>Source Files</Filter>
    </ClCompile>
    <ClCompile Include="library\ordinalDate.cpp">
      <Filter>Source Files</Filter>
    </ClCompile>
    <ClCompile Include="library\printSpan.cpp">
      <Filter>Source Files</Filter>
    </ClCompile>
    <ClCompile Include="library\queryCalendarDates.cpp">
      <Filter>Source Files</Filter>
    </ClCompile>
    <ClCompile Include="library\rangeProjection.cpp">
      <Filter>Source Files</Filter>
    </ClCompile>
    <ClCompile Include="library\rangesComposition.cpp">
      <Filter>Source Files</Filter>
    </ClCompile>
    <ClCompile Include="library\rangesEntireContainer.cpp">
      <Filter>Source Files</Filter>
    </ClCompile>
    <ClCompile Include="library\rangesFilterTransform.cpp">
      <Filter>Source Files</Filter>
    </ClCompile>
    <ClCompile Include="library\rangesIota.cpp">
      <Filter>Source Files</Filter>
    </ClCompile>
    <ClCompile Include="library\rangesLazy.cpp">
      <Filter>Source Files</Filter>
    </ClCompile>
    <ClCompile Include="library\removeElements.cpp">
      <Filter>Source Files</Filter>
    </ClCompile>
    <ClCompile Include="library\safeComparison.cpp">
      <Filter>Source Files</Filter>
    </ClCompile>
    <ClCompile Include="library\safeComparison2.cpp">
      <Filter>Source Files</Filter>
    </ClCompile>
    <ClCompile Include="library\sortClassic.cpp">
      <Filter>Source Files</Filter>
    </ClCompile>
    <ClCompile Include="library\sortRanges.cpp">
      <Filter>Source Files</Filter>
    </ClCompile>
    <ClCompile Include="library\sourceLocation.cpp">
      <Filter>Source Files</Filter>
    </ClCompile>
    <ClCompile Include="library\spanTransform.cpp">
      <Filter>Source Files</Filter>
    </ClCompile>
    <ClCompile Include="library\staticDynamicExtentSpan.cpp">
      <Filter>Source Files</Filter>
    </ClCompile>
    <ClCompile Include="library\stringStartsWithEndsWith.cpp">
      <Filter>Source Files</Filter>
    </ClCompile>
    <ClCompile Include="library\subspan.cpp">
      <Filter>Source Files</Filter>
    </ClCompile>
    <ClCompile Include="library\sysDays.cpp">
      <Filter>Source Files</Filter>
    </ClCompile>
    <ClCompile Include="library\timeOfDay.cpp">
      <Filter>Source Files</Filter>
    </ClCompile>
    <ClCompile Include="library\toArray.cpp">
      <Filter>Source Files</Filter>
    </ClCompile>
    <ClCompile Include="library\unsafeComparison.cpp">
      <Filter>Source Files</Filter>
    </ClCompile>
    <ClCompile Include="library\unsafeComparison2.cpp">
      <Filter>Source Files</Filter>
    </ClCompile>
    <ClCompile Include="library\weekdaysOfBirthdays.cpp">
      <Filter>Source Files</Filter>
    </ClCompile>
    <ClCompile Include="CoreLanguage\math.ixx">
      <Filter>Module Files</Filter>
    </ClCompile>
    <ClCompile Include="CoreLanguage\math1.ixx">
      <Filter>Module Files</Filter>
    </ClCompile>
    <ClCompile Include="CoreLanguage\math2.ixx">
      <Filter>Module Files</Filter>
    </ClCompile>
    <ClCompile Include="CoreLanguage\mathInterfaceUnit.ixx">
      <Filter>Module Files</Filter>
    </ClCompile>
    <ClCompile Include="CoreLanguage\mathModule.ixx">
      <Filter>Module Files</Filter>
    </ClCompile>
    <ClCompile Include="CoreLanguage\mathModule1.ixx">
      <Filter>Module Files</Filter>
    </ClCompile>
    <ClCompile Include="CoreLanguage\mathModule2.ixx">
      <Filter>Module Files</Filter>
    </ClCompile>
    <ClCompile Include="CoreLanguage\mathModuleTempate1.ixx">
      <Filter>Module Files</Filter>
    </ClCompile>
    <ClCompile Include="CoreLanguage\mathModuleTemplate.ixx">
      <Filter>Module Files</Filter>
    </ClCompile>
    <ClCompile Include="CoreLanguage\mathPartition.ixx">
      <Filter>Module Files</Filter>
    </ClCompile>
    <ClCompile Include="CoreLanguage\mathPartition1.ixx">
      <Filter>Module Files</Filter>
    </ClCompile>
    <ClCompile Include="CoreLanguage\mathPartition2.ixx">
      <Filter>Module Files</Filter>
    </ClCompile>
  </ItemGroup>
  <ItemGroup>
    <ClInclude Include="corelanguage\header.h">
      <Filter>Header Files</Filter>
    </ClInclude>
    <ClInclude Include="corelanguage\header2.h">
      <Filter>Header Files</Filter>
    </ClInclude>
    <ClInclude Include="corelanguage\hello.h">
      <Filter>Header Files</Filter>
    </ClInclude>
    <ClInclude Include="corelanguage\templateSum.h">
      <Filter>Header Files</Filter>
    </ClInclude>
    <ClInclude Include="corelanguage\world.h">
      <Filter>Header Files</Filter>
    </ClInclude>
  </ItemGroup>
</Project>